<?xml version="1.0" encoding="UTF-8" standalone="yes" ?>
<CodeBlocks_project_file>
   <FileVersion major="1" minor="6" />
   <Project>
      <Option title="Project" />
      <Option makefile_is_custom="1" />
      <Option compiler="gcc" />
      <Option virtualFolders="CMake Files\;" />
      <Build>
      <Target title="all">
         <Option working_dir="/home/lee/catkin_ws/src/xbot2/talker/build-src-Desktop_Qt_5_7_1_GCC_64bit-Default" />
         <Option type="4" />
         <MakeCommands>
            <Build command=" -f &quot;/home/lee/catkin_ws/src/xbot2/talker/build-src-Desktop_Qt_5_7_1_GCC_64bit-Default/Makefile&quot;  VERBOSE=1 all" />
            <CompileFile command=" -f &quot;/home/lee/catkin_ws/src/xbot2/talker/build-src-Desktop_Qt_5_7_1_GCC_64bit-Default/Makefile&quot;  VERBOSE=1 &quot;$file&quot;" />
            <Clean command=" -f &quot;/home/lee/catkin_ws/src/xbot2/talker/build-src-Desktop_Qt_5_7_1_GCC_64bit-Default/Makefile&quot;  VERBOSE=1 clean" />
            <DistClean command=" -f &quot;/home/lee/catkin_ws/src/xbot2/talker/build-src-Desktop_Qt_5_7_1_GCC_64bit-Default/Makefile&quot;  VERBOSE=1 clean" />
         </MakeCommands>
      </Target>
      <Target title="rebuild_cache">
         <Option working_dir="/home/lee/catkin_ws/src/xbot2/talker/build-src-Desktop_Qt_5_7_1_GCC_64bit-Default" />
         <Option type="4" />
         <MakeCommands>
            <Build command=" -f &quot;/home/lee/catkin_ws/src/xbot2/talker/build-src-Desktop_Qt_5_7_1_GCC_64bit-Default/Makefile&quot;  VERBOSE=1 rebuild_cache" />
            <CompileFile command=" -f &quot;/home/lee/catkin_ws/src/xbot2/talker/build-src-Desktop_Qt_5_7_1_GCC_64bit-Default/Makefile&quot;  VERBOSE=1 &quot;$file&quot;" />
            <Clean command=" -f &quot;/home/lee/catkin_ws/src/xbot2/talker/build-src-Desktop_Qt_5_7_1_GCC_64bit-Default/Makefile&quot;  VERBOSE=1 clean" />
            <DistClean command=" -f &quot;/home/lee/catkin_ws/src/xbot2/talker/build-src-Desktop_Qt_5_7_1_GCC_64bit-Default/Makefile&quot;  VERBOSE=1 clean" />
         </MakeCommands>
      </Target>
      <Target title="talker">
         <Option output="/home/lee/catkin_ws/src/xbot2/talker/build-src-Desktop_Qt_5_7_1_GCC_64bit-Default/talker" prefix_auto="0" extension_auto="0" />
         <Option working_dir="/home/lee/catkin_ws/src/xbot2/talker/build-src-Desktop_Qt_5_7_1_GCC_64bit-Default" />
         <Option object_output="./" />
         <Option type="1" />
         <Option compiler="gcc" />
         <Compiler>
            <Add directory="/home/lee/catkin_ws/src/xbot2/talker/src/include" />
         </Compiler>
         <MakeCommands>
            <Build command=" -f &quot;/home/lee/catkin_ws/src/xbot2/talker/build-src-Desktop_Qt_5_7_1_GCC_64bit-Default/Makefile&quot;  VERBOSE=1 talker" />
            <CompileFile command=" -f &quot;/home/lee/catkin_ws/src/xbot2/talker/build-src-Desktop_Qt_5_7_1_GCC_64bit-Default/Makefile&quot;  VERBOSE=1 &quot;$file&quot;" />
            <Clean command=" -f &quot;/home/lee/catkin_ws/src/xbot2/talker/build-src-Desktop_Qt_5_7_1_GCC_64bit-Default/Makefile&quot;  VERBOSE=1 clean" />
            <DistClean command=" -f &quot;/home/lee/catkin_ws/src/xbot2/talker/build-src-Desktop_Qt_5_7_1_GCC_64bit-Default/Makefile&quot;  VERBOSE=1 clean" />
         </MakeCommands>
      </Target>
      <Target title="talker/fast">
         <Option output="/home/lee/catkin_ws/src/xbot2/talker/build-src-Desktop_Qt_5_7_1_GCC_64bit-Default/talker" prefix_auto="0" extension_auto="0" />
         <Option working_dir="/home/lee/catkin_ws/src/xbot2/talker/build-src-Desktop_Qt_5_7_1_GCC_64bit-Default" />
         <Option object_output="./" />
         <Option type="1" />
         <Option compiler="gcc" />
         <Compiler>
            <Add directory="/home/lee/catkin_ws/src/xbot2/talker/src/include" />
         </Compiler>
         <MakeCommands>
            <Build command=" -f &quot;/home/lee/catkin_ws/src/xbot2/talker/build-src-Desktop_Qt_5_7_1_GCC_64bit-Default/Makefile&quot;  VERBOSE=1 talker/fast" />
            <CompileFile command=" -f &quot;/home/lee/catkin_ws/src/xbot2/talker/build-src-Desktop_Qt_5_7_1_GCC_64bit-Default/Makefile&quot;  VERBOSE=1 &quot;$file&quot;" />
            <Clean command=" -f &quot;/home/lee/catkin_ws/src/xbot2/talker/build-src-Desktop_Qt_5_7_1_GCC_64bit-Default/Makefile&quot;  VERBOSE=1 clean" />
            <DistClean command=" -f &quot;/home/lee/catkin_ws/src/xbot2/talker/build-src-Desktop_Qt_5_7_1_GCC_64bit-Default/Makefile&quot;  VERBOSE=1 clean" />
         </MakeCommands>
      </Target>
      </Build>
      <Unit filename="/home/lee/catkin_ws/src/xbot2/talker/src/FileUtil.cpp">
      </Unit>
      <Unit filename="/home/lee/catkin_ws/src/xbot2/talker/src/Talker.cpp">
      </Unit>
      <Unit filename="/home/lee/catkin_ws/src/xbot2/talker/src/linuxrec.cpp">
      </Unit>
      <Unit filename="/home/lee/catkin_ws/src/xbot2/talker/src/main.cpp">
      </Unit>
      <Unit filename="/home/lee/catkin_ws/src/xbot2/talker/src/speech_recognizer.cpp">
      </Unit>
      <Unit filename="/home/lee/catkin_ws/src/xbot2/talker/src/CMakeLists.txt">
          <Option virtualFolder="CMake Files\" />
      </Unit>
   </Project>
</CodeBlocks_project_file>
